// !$*UTF8*$!
{
	archiveVersion = 1;
	classes = {
	};
	objectVersion = 50;
	objects = {

/* Begin PBXBuildFile section */
		DF5DBC8022E6155C0040C8CB /* AppDelegate.swift in Sources */ = {isa = PBXBuildFile; fileRef = DF5DBC7F22E6155C0040C8CB /* AppDelegate.swift */; };
		DF5DBC8222E6155C0040C8CB /* RootViewController.swift in Sources */ = {isa = PBXBuildFile; fileRef = DF5DBC8122E6155C0040C8CB /* RootViewController.swift */; };
		DF5DBC8422E6155C0040C8CB /* DataViewController.swift in Sources */ = {isa = PBXBuildFile; fileRef = DF5DBC8322E6155C0040C8CB /* DataViewController.swift */; };
		DF5DBC8622E6155C0040C8CB /* ModelController.swift in Sources */ = {isa = PBXBuildFile; fileRef = DF5DBC8522E6155C0040C8CB /* ModelController.swift */; };
		DF5DBC8922E6155C0040C8CB /* Main.storyboard in Resources */ = {isa = PBXBuildFile; fileRef = DF5DBC8722E6155C0040C8CB /* Main.storyboard */; };
		DF5DBC8B22E615680040C8CB /* Assets.xcassets in Resources */ = {isa = PBXBuildFile; fileRef = DF5DBC8A22E615680040C8CB /* Assets.xcassets */; };
		DF5DBC8E22E615680040C8CB /* LaunchScreen.storyboard in Resources */ = {isa = PBXBuildFile; fileRef = DF5DBC8C22E615680040C8CB /* LaunchScreen.storyboard */; };
/* End PBXBuildFile section */

/* Begin PBXFileReference section */
		DF5DBC7C22E6155B0040C8CB /* Syrena.app */ = {isa = PBXFileReference; explicitFileType = wrapper.application; includeInIndex = 0; path = Syrena.app; sourceTree = BUILT_PRODUCTS_DIR; };
		DF5DBC7F22E6155C0040C8CB /* AppDelegate.swift */ = {isa = PBXFileReference; lastKnownFileType = sourcecode.swift; path = AppDelegate.swift; sourceTree = "<group>"; };
		DF5DBC8122E6155C0040C8CB /* RootViewController.swift */ = {isa = PBXFileReference; lastKnownFileType = sourcecode.swift; path = RootViewController.swift; sourceTree = "<group>"; };
		DF5DBC8322E6155C0040C8CB /* DataViewController.swift */ = {isa = PBXFileReference; lastKnownFileType = sourcecode.swift; path = DataViewController.swift; sourceTree = "<group>"; };
		DF5DBC8522E6155C0040C8CB /* ModelController.swift */ = {isa = PBXFileReference; lastKnownFileType = sourcecode.swift; path = ModelController.swift; sourceTree = "<group>"; };
		DF5DBC8822E6155C0040C8CB /* Base */ = {isa = PBXFileReference; lastKnownFileType = file.storyboard; name = Base; path = Base.lproj/Main.storyboard; sourceTree = "<group>"; };
		DF5DBC8A22E615680040C8CB /* Assets.xcassets */ = {isa = PBXFileReference; lastKnownFileType = folder.assetcatalog; path = Assets.xcassets; sourceTree = "<group>"; };
		DF5DBC8D22E615680040C8CB /* Base */ = {isa = PBXFileReference; lastKnownFileType = file.storyboard; name = Base; path = Base.lproj/LaunchScreen.storyboard; sourceTree = "<group>"; };
		DF5DBC8F22E615680040C8CB /* Info.plist */ = {isa = PBXFileReference; lastKnownFileType = text.plist.xml; path = Info.plist; sourceTree = "<group>"; };
/* End PBXFileReference section */

/* Begin PBXFrameworksBuildPhase section */
		DF5DBC7922E6155B0040C8CB /* Frameworks */ = {
			isa = PBXFrameworksBuildPhase;
			buildActionMask = 2147483647;
			files = (
			);
			runOnlyForDeploymentPostprocessing = 0;
		};
/* End PBXFrameworksBuildPhase section */

/* Begin PBXGroup section */
		DF5DBC7322E6155B0040C8CB = {
			isa = PBXGroup;
			children = (
				DF5DBC7E22E6155C0040C8CB /* Syrena */,
				DF5DBC7D22E6155B0040C8CB /* Products */,
			);
			sourceTree = "<group>";
		};
		DF5DBC7D22E6155B0040C8CB /* Products */ = {
			isa = PBXGroup;
			children = (
				DF5DBC7C22E6155B0040C8CB /* Syrena.app */,
			);
			name = Products;
			sourceTree = "<group>";
		};
		DF5DBC7E22E6155C0040C8CB /* Syrena */ = {
			isa = PBXGroup;
			children = (
				DF5DBC7F22E6155C0040C8CB /* AppDelegate.swift */,
				DF5DBC8122E6155C0040C8CB /* RootViewController.swift */,
				DF5DBC8322E6155C0040C8CB /* DataViewController.swift */,
				DF5DBC8522E6155C0040C8CB /* ModelController.swift */,
				DF5DBC8722E6155C0040C8CB /* Main.storyboard */,
				DF5DBC8A22E615680040C8CB /* Assets.xcassets */,
				DF5DBC8C22E615680040C8CB /* LaunchScreen.storyboard */,
				DF5DBC8F22E615680040C8CB /* Info.plist */,
			);
			path = Syrena;
			sourceTree = "<group>";
		};
/* End PBXGroup section */

/* Begin PBXNativeTarget section */
		DF5DBC7B22E6155B0040C8CB /* Syrena */ = {
			isa = PBXNativeTarget;
			buildConfigurationList = DF5DBC9222E615680040C8CB /* Build configuration list for PBXNativeTarget "Syrena" */;
			buildPhases = (
				DF5DBC7822E6155B0040C8CB /* Sources */,
				DF5DBC7922E6155B0040C8CB /* Frameworks */,
				DF5DBC7A22E6155B0040C8CB /* Resources */,
			);
			buildRules = (
			);
			dependencies = (
			);
			name = Syrena;
			productName = Syrena;
			productReference = DF5DBC7C22E6155B0040C8CB /* Syrena.app */;
			productType = "com.apple.product-type.application";
		};
/* End PBXNativeTarget section */

/* Begin PBXProject section */
		DF5DBC7422E6155B0040C8CB /* Project object */ = {
			isa = PBXProject;
			attributes = {
				LastSwiftUpdateCheck = 1010;
				LastUpgradeCheck = 1010;
				ORGANIZATIONNAME = TrentRand;
				TargetAttributes = {
					DF5DBC7B22E6155B0040C8CB = {
						CreatedOnToolsVersion = 10.1;
					};
				};
			};
			buildConfigurationList = DF5DBC7722E6155B0040C8CB /* Build configuration list for PBXProject "Syrena" */;
			compatibilityVersion = "Xcode 9.3";
			developmentRegion = en;
			hasScannedForEncodings = 0;
			knownRegions = (
				en,
				Base,
			);
			mainGroup = DF5DBC7322E6155B0040C8CB;
			productRefGroup = DF5DBC7D22E6155B0040C8CB /* Products */;
			projectDirPath = "";
			projectRoot = "";
			targets = (
				DF5DBC7B22E6155B0040C8CB /* Syrena */,
			);
		};
/* End PBXProject section */

/* Begin PBXResourcesBuildPhase section */
		DF5DBC7A22E6155B0040C8CB /* Resources */ = {
			isa = PBXResourcesBuildPhase;
			buildActionMask = 2147483647;
			files = (
				DF5DBC8E22E615680040C8CB /* LaunchScreen.storyboard in Resources */,
				DF5DBC8B22E615680040C8CB /* Assets.xcassets in Resources */,
				DF5DBC8922E6155C0040C8CB /* Main.storyboard in Resources */,
			);
			runOnlyForDeploymentPostprocessing = 0;
		};
/* End PBXResourcesBuildPhase section */

/* Begin PBXSourcesBuildPhase section */
		DF5DBC7822E6155B0040C8CB /* Sources */ = {
			isa = PBXSourcesBuildPhase;
			buildActionMask = 2147483647;
			files = (
				DF5DBC8222E6155C0040C8CB /* RootViewController.swift in Sources */,
				DF5DBC8622E6155C0040C8CB /* ModelController.swift in Sources */,
				DF5DBC8422E6155C0040C8CB /* DataViewController.swift in Sources */,
				DF5DBC8022E6155C0040C8CB /* AppDelegate.swift in Sources */,
			);
			runOnlyForDeploymentPostprocessing = 0;
		};
/* End PBXSourcesBuildPhase section */

/* Begin PBXVariantGroup section */
		DF5DBC8722E6155C0040C8CB /* Main.storyboard */ = {
			isa = PBXVariantGroup;
			children = (
				DF5DBC8822E6155C0040C8CB /* Base */,
			);
			name = Main.storyboard;
			sourceTree = "<group>";
		};
		DF5DBC8C22E615680040C8CB /* LaunchScreen.storyboard */ = {
			isa = PBXVariantGroup;
			children = (
				DF5DBC8D22E615680040C8CB /* Base */,
			);
			name = LaunchScreen.storyboard;
			sourceTree = "<group>";
		};
/* End PBXVariantGroup section */

/* Begin XCBuildConfiguration section */
		DF5DBC9022E615680040C8CB /* Debug */ = {
			isa = XCBuildConfiguration;
			buildSettings = {
				ALWAYS_SEARCH_USER_PATHS = NO;
				CLANG_ANALYZER_NONNULL = YES;
				CLANG_ANALYZER_NUMBER_OBJECT_CONVERSION = YES_AGGRESSIVE;
				CLANG_CXX_LANGUAGE_STANDARD = "gnu++14";
				CLANG_CXX_LIBRARY = "libc++";
				CLANG_ENABLE_MODULES = YES;
				CLANG_ENABLE_OBJC_ARC = YES;
				CLANG_ENABLE_OBJC_WEAK = YES;
				CLANG_WARN_BLOCK_CAPTURE_AUTORELEASING = YES;
				CLANG_WARN_BOOL_CONVERSION = YES;
				CLANG_WARN_COMMA = YES;
				CLANG_WARN_CONSTANT_CONVERSION = YES;
				CLANG_WARN_DEPRECATED_OBJC_IMPLEMENTATIONS = YES;
				CLANG_WARN_DIRECT_OBJC_ISA_USAGE = YES_ERROR;
				CLANG_WARN_DOCUMENTATION_COMMENTS = YES;
				CLANG_WARN_EMPTY_BODY = YES;
				CLANG_WARN_ENUM_CONVERSION = YES;
				CLANG_WARN_INFINITE_RECURSION = YES;
				CLANG_WARN_INT_CONVERSION = YES;
				CLANG_WARN_NON_LITERAL_NULL_CONVERSION = YES;
				CLANG_WARN_OBJC_IMPLICIT_RETAIN_SELF = YES;
				CLANG_WARN_OBJC_LITERAL_CONVERSION = YES;
				CLANG_WARN_OBJC_ROOT_CLASS = YES_ERROR;
				CLANG_WARN_RANGE_LOOP_ANALYSIS = YES;
				CLANG_WARN_STRICT_PROTOTYPES = YES;
				CLANG_WARN_SUSPICIOUS_MOVE = YES;
				CLANG_WARN_UNGUARDED_AVAILABILITY = YES_AGGRESSIVE;
				CLANG_WARN_UNREACHABLE_CODE = YES;
				CLANG_WARN__DUPLICATE_METHOD_MATCH = YES;
				CODE_SIGN_IDENTITY = "iPhone Developer";
				COPY_PHASE_STRIP = NO;
				DEBUG_INFORMATION_FORMAT = dwarf;
				ENABLE_STRICT_OBJC_MSGSEND = YES;
				ENABLE_TESTABILITY = YES;
				GCC_C_LANGUAGE_STANDARD = gnu11;
				GCC_DYNAMIC_NO_PIC = NO;
				GCC_NO_COMMON_BLOCKS = YES;
				GCC_OPTIMIZATION_LEVEL = 0;
				GCC_PREPROCESSOR_DEFINITIONS = (
					"DEBUG=1",
					"$(inherited)",
				);
				GCC_WARN_64_TO_32_BIT_CONVERSION = YES;
				GCC_WARN_ABOUT_RETURN_TYPE = YES_ERROR;
				GCC_WARN_UNDECLARED_SELECTOR = YES;
				GCC_WARN_UNINITIALIZED_AUTOS = YES_AGGRESSIVE;
				GCC_WARN_UNUSED_FUNCTION = YES;
				GCC_WARN_UNUSED_VARIABLE = YES;
				IPHONEOS_DEPLOYMENT_TARGET = 12.1;
				MTL_ENABLE_DEBUG_INFO = INCLUDE_SOURCE;
				MTL_FAST_MATH = YES;
				ONLY_ACTIVE_ARCH = YES;
				SDKROOT = iphoneos;
				SWIFT_ACTIVE_COMPILATION_CONDITIONS = DEBUG;
				SWIFT_OPTIMIZATION_LEVEL = "-Onone";
			};
			name = Debug;
		};
		DF5DBC9122E615680040C8CB /* Release */ = {
			isa = XCBuildConfiguration;
			buildSettings = {
				ALWAYS_SEARCH_USER_PATHS = NO;
				CLANG_ANALYZER_NONNULL = YES;
				CLANG_ANALYZER_NUMBER_OBJECT_CONVERSION = YES_AGGRESSIVE;
				CLANG_CXX_LANGUAGE_STANDARD = "gnu++14";
				CLANG_CXX_LIBRARY = "libc++";
				CLANG_ENABLE_MODULES = YES;
				CLANG_ENABLE_OBJC_ARC = YES;
				CLANG_ENABLE_OBJC_WEAK = YES;
				CLANG_WARN_BLOCK_CAPTURE_AUTORELEASING = YES;
				CLANG_WARN_BOOL_CONVERSION = YES;
				CLANG_WARN_COMMA = YES;
				CLANG_WARN_CONSTANT_CONVERSION = YES;
				CLANG_WARN_DEPRECATED_OBJC_IMPLEMENTATIONS = YES;
				CLANG_WARN_DIRECT_OBJC_ISA_USAGE = YES_ERROR;
				CLANG_WARN_DOCUMENTATION_COMMENTS = YES;
				CLANG_WARN_EMPTY_BODY = YES;
				CLANG_WARN_ENUM_CONVERSION = YES;
				CLANG_WARN_INFINITE_RECURSION = YES;
				CLANG_WARN_INT_CONVERSION = YES;
				CLANG_WARN_NON_LITERAL_NULL_CONVERSION = YES;
				CLANG_WARN_OBJC_IMPLICIT_RETAIN_SELF = YES;
				CLANG_WARN_OBJC_LITERAL_CONVERSION = YES;
				CLANG_WARN_OBJC_ROOT_CLASS = YES_ERROR;
				CLANG_WARN_RANGE_LOOP_ANALYSIS = YES;
				CLANG_WARN_STRICT_PROTOTYPES = YES;
				CLANG_WARN_SUSPICIOUS_MOVE = YES;
				CLANG_WARN_UNGUARDED_AVAILABILITY = YES_AGGRESSIVE;
				CLANG_WARN_UNREACHABLE_CODE = YES;
				CLANG_WARN__DUPLICATE_METHOD_MATCH = YES;
				CODE_SIGN_IDENTITY = "iPhone Developer";
				COPY_PHASE_STRIP = NO;
				DEBUG_INFORMATION_FORMAT = "dwarf-with-dsym";
				ENABLE_NS_ASSERTIONS = NO;
				ENABLE_STRICT_OBJC_MSGSEND = YES;
				GCC_C_LANGUAGE_STANDARD = gnu11;
				GCC_NO_COMMON_BLOCKS = YES;
				GCC_WARN_64_TO_32_BIT_CONVERSION = YES;
				GCC_WARN_ABOUT_RETURN_TYPE = YES_ERROR;
				GCC_WARN_UNDECLARED_SELECTOR = YES;
				GCC_WARN_UNINITIALIZED_AUTOS = YES_AGGRESSIVE;
				GCC_WARN_UNUSED_FUNCTION = YES;
				GCC_WARN_UNUSED_VARIABLE = YES;
				IPHONEOS_DEPLOYMENT_TARGET = 12.1;
				MTL_ENABLE_DEBUG_INFO = NO;
				MTL_FAST_MATH = YES;
				SDKROOT = iphoneos;
				SWIFT_COMPILATION_MODE = wholemodule;
				SWIFT_OPTIMIZATION_LEVEL = "-O";
				VALIDATE_PRODUCT = YES;
			};
			name = Release;
		};
		DF5DBC9322E615680040C8CB /* Debug */ = {
			isa = XCBuildConfiguration;
			buildSettings = {
				ASSETCATALOG_COMPILER_APPICON_NAME = AppIcon;
				CODE_SIGN_STYLE = Automatic;
				DEVELOPMENT_TEAM = EP9U74LJ4P;
				INFOPLIST_FILE = Syrena/Info.plist;
				LD_RUNPATH_SEARCH_PATHS = (
					"$(inherited)",
					"@executable_path/Frameworks",
				);
				PRODUCT_BUNDLE_IDENTIFIER = com.TrentRand.Syrena;
				PRODUCT_NAME = "$(TARGET_NAME)";
				SWIFT_VERSION = 4.2;
				TARGETED_DEVICE_FAMILY = "1,2";
			};
			name = Debug;
		};
		DF5DBC9422E615680040C8CB /* Release */ = {
			isa = XCBuildConfiguration;
			buildSettings = {
				ASSETCATALOG_COMPILER_APPICON_NAME = AppIcon;
				CODE_SIGN_STYLE = Automatic;
				DEVELOPMENT_TEAM = EP9U74LJ4P;
				INFOPLIST_FILE = Syrena/Info.plist;
				LD_RUNPATH_SEARCH_PATHS = (
					"$(inherited)",
					"@executable_path/Frameworks",
				);
				PRODUCT_BUNDLE_IDENTIFIER = com.TrentRand.Syrena;
				PRODUCT_NAME = "$(TARGET_NAME)";
				SWIFT_VERSION = 4.2;
				TARGETED_DEVICE_FAMILY = "1,2";
			};
			name = Release;
		};
/* End XCBuildConfiguration section */

/* Begin XCConfigurationList section */
		DF5DBC7722E6155B0040C8CB /* Build configuration list for PBXProject "Syrena" */ = {
			isa = XCConfigurationList;
			buildConfigurations = (
				DF5DBC9022E615680040C8CB /* Debug */,
				DF5DBC9122E615680040C8CB /* Release */,
			);
			defaultConfigurationIsVisible = 0;
			defaultConfigurationName = Release;
		};
		DF5DBC9222E615680040C8CB /* Build configuration list for PBXNativeTarget "Syrena" */ = {
			isa = XCConfigurationList;
			buildConfigurations = (
				DF5DBC9322E615680040C8CB /* Debug */,
				DF5DBC9422E615680040C8CB /* Release */,
			);
			defaultConfigurationIsVisible = 0;
			defaultConfigurationName = Release;
		};
/* End XCConfigurationList section */
	};
	rootObject = DF5DBC7422E6155B0040C8CB /* Project object */;
}
